<Solution>
  <Project Path="src/BookRest.Api/BookRest.Api.csproj" />
  <Project Path="src/BookRest.Application/BookRest.Application.csproj" Id="93955ce9-d28d-49c8-ae07-e43fee43b408" />
  <Project Path="src/Bookrest.Domain/Bookrest.Domain.csproj" Id="f8b385c6-69c8-45d4-b124-a41f00944d81" />
  <Project Path="src/Bookrest.Infrastructure/Bookrest.Infrastructure.csproj" Id="7a720184-ed6e-4e5f-acce-4a5b91476d80" />
</Solution>
